
Microsoft Visual Studio Solution File, Format Version 12.00
# Visual Studio Version 17
VisualStudioVersion = 17.0.31903.59
MinimumVisualStudioVersion = 10.0.40219.1
Project("{FAE04EC0-301F-11D3-BF4B-00C04F79EFBC}") = "API", "API\API.csproj", "{DDA9215D-BDA3-478F-AC84-FC7A32DD5519}"
EndProject
Project("{FAE04EC0-301F-11D3-BF4B-00C04F79EFBC}") = "Core", "Core\Core.csproj", "{3D750EFC-1806-4581-A640-F388464163C7}"
EndProject
Project("{FAE04EC0-301F-11D3-BF4B-00C04F79EFBC}") = "Infrastructure", "Infrastructure\Infrastructure.csproj", "{56712407-0938-40E4-8AA5-8F7E062B6D78}"
EndProject
Global
	GlobalSection(SolutionConfigurationPlatforms) = preSolution
		Debug|Any CPU = Debug|Any CPU
		Release|Any CPU = Release|Any CPU
	EndGlobalSection
	GlobalSection(SolutionProperties) = preSolution
		HideSolutionNode = FALSE
	EndGlobalSection
	GlobalSection(ProjectConfigurationPlatforms) = postSolution
		{DDA9215D-BDA3-478F-AC84-FC7A32DD5519}.Debug|Any CPU.ActiveCfg = Debug|Any CPU
		{DDA9215D-BDA3-478F-AC84-FC7A32DD5519}.Debug|Any CPU.Build.0 = Debug|Any CPU
		{DDA9215D-BDA3-478F-AC84-FC7A32DD5519}.Release|Any CPU.ActiveCfg = Release|Any CPU
		{DDA9215D-BDA3-478F-AC84-FC7A32DD5519}.Release|Any CPU.Build.0 = Release|Any CPU
		{3D750EFC-1806-4581-A640-F388464163C7}.Debug|Any CPU.ActiveCfg = Debug|Any CPU
		{3D750EFC-1806-4581-A640-F388464163C7}.Debug|Any CPU.Build.0 = Debug|Any CPU
		{3D750EFC-1806-4581-A640-F388464163C7}.Release|Any CPU.ActiveCfg = Release|Any CPU
		{3D750EFC-1806-4581-A640-F388464163C7}.Release|Any CPU.Build.0 = Release|Any CPU
		{56712407-0938-40E4-8AA5-8F7E062B6D78}.Debug|Any CPU.ActiveCfg = Debug|Any CPU
		{56712407-0938-40E4-8AA5-8F7E062B6D78}.Debug|Any CPU.Build.0 = Debug|Any CPU
		{56712407-0938-40E4-8AA5-8F7E062B6D78}.Release|Any CPU.ActiveCfg = Release|Any CPU
		{56712407-0938-40E4-8AA5-8F7E062B6D78}.Release|Any CPU.Build.0 = Release|Any CPU
	EndGlobalSection
EndGlobal
